// !$*UTF8*$!
{
	archiveVersion = 1;
	classes = {
	};
	objectVersion = 46;
	objects = {

/* Begin PBXBuildFile section */
		16D98E281B8FDCB900EAD1DA /* AppDelegate.swift in Sources */ = {isa = PBXBuildFile; fileRef = 16D98E271B8FDCB900EAD1DA /* AppDelegate.swift */; };
		16D98E2A1B8FDCB900EAD1DA /* MasterViewController.swift in Sources */ = {isa = PBXBuildFile; fileRef = 16D98E291B8FDCB900EAD1DA /* MasterViewController.swift */; };
		16D98E2F1B8FDCB900EAD1DA /* Main.storyboard in Resources */ = {isa = PBXBuildFile; fileRef = 16D98E2D1B8FDCB900EAD1DA /* Main.storyboard */; };
		16D98E311B8FDCB900EAD1DA /* Assets.xcassets in Resources */ = {isa = PBXBuildFile; fileRef = 16D98E301B8FDCB900EAD1DA /* Assets.xcassets */; };
		16D98E341B8FDCB900EAD1DA /* LaunchScreen.storyboard in Resources */ = {isa = PBXBuildFile; fileRef = 16D98E321B8FDCB900EAD1DA /* LaunchScreen.storyboard */; };
		16D98E4A1B8FE24300EAD1DA /* SafariSpeedTestViewController.swift in Sources */ = {isa = PBXBuildFile; fileRef = 16D98E491B8FE24300EAD1DA /* SafariSpeedTestViewController.swift */; settings = {ASSET_TAGS = (); }; };
		16D98E4E1B903FB700EAD1DA /* SiteList.swift in Sources */ = {isa = PBXBuildFile; fileRef = 16D98E4D1B903FB700EAD1DA /* SiteList.swift */; settings = {ASSET_TAGS = (); }; };
/* End PBXBuildFile section */

/* Begin PBXFileReference section */
		16D98E241B8FDCB900EAD1DA /* SafariContentBlockingPerformance.app */ = {isa = PBXFileReference; explicitFileType = wrapper.application; includeInIndex = 0; path = SafariContentBlockingPerformance.app; sourceTree = BUILT_PRODUCTS_DIR; };
		16D98E271B8FDCB900EAD1DA /* AppDelegate.swift */ = {isa = PBXFileReference; lastKnownFileType = sourcecode.swift; path = AppDelegate.swift; sourceTree = "<group>"; };
		16D98E291B8FDCB900EAD1DA /* MasterViewController.swift */ = {isa = PBXFileReference; lastKnownFileType = sourcecode.swift; path = MasterViewController.swift; sourceTree = "<group>"; };
		16D98E2E1B8FDCB900EAD1DA /* Base */ = {isa = PBXFileReference; lastKnownFileType = file.storyboard; name = Base; path = Base.lproj/Main.storyboard; sourceTree = "<group>"; };
		16D98E301B8FDCB900EAD1DA /* Assets.xcassets */ = {isa = PBXFileReference; lastKnownFileType = folder.assetcatalog; path = Assets.xcassets; sourceTree = "<group>"; };
		16D98E331B8FDCB900EAD1DA /* Base */ = {isa = PBXFileReference; lastKnownFileType = file.storyboard; name = Base; path = Base.lproj/LaunchScreen.storyboard; sourceTree = "<group>"; };
		16D98E351B8FDCB900EAD1DA /* Info.plist */ = {isa = PBXFileReference; lastKnownFileType = text.plist.xml; path = Info.plist; sourceTree = "<group>"; };
		16D98E491B8FE24300EAD1DA /* SafariSpeedTestViewController.swift */ = {isa = PBXFileReference; fileEncoding = 4; lastKnownFileType = sourcecode.swift; path = SafariSpeedTestViewController.swift; sourceTree = "<group>"; };
		16D98E4B1B903F5B00EAD1DA /* readme.md */ = {isa = PBXFileReference; fileEncoding = 4; lastKnownFileType = net.daringfireball.markdown; name = readme.md; path = SafariContentBlockingPerformance/readme.md; sourceTree = "<group>"; };
		16D98E4D1B903FB700EAD1DA /* SiteList.swift */ = {isa = PBXFileReference; fileEncoding = 4; lastKnownFileType = sourcecode.swift; path = SiteList.swift; sourceTree = "<group>"; };
/* End PBXFileReference section */

/* Begin PBXFrameworksBuildPhase section */
		16D98E211B8FDCB900EAD1DA /* Frameworks */ = {
			isa = PBXFrameworksBuildPhase;
			buildActionMask = 2147483647;
			files = (
			);
			runOnlyForDeploymentPostprocessing = 0;
		};
/* End PBXFrameworksBuildPhase section */

/* Begin PBXGroup section */
		16D98E1B1B8FDCB900EAD1DA = {
			isa = PBXGroup;
			children = (
				16D98E4B1B903F5B00EAD1DA /* readme.md */,
				16D98E261B8FDCB900EAD1DA /* SafariContentBlockingPerformance */,
				16D98E251B8FDCB900EAD1DA /* Products */,
			);
			sourceTree = "<group>";
		};
		16D98E251B8FDCB900EAD1DA /* Products */ = {
			isa = PBXGroup;
			children = (
				16D98E241B8FDCB900EAD1DA /* SafariContentBlockingPerformance.app */,
			);
			name = Products;
			sourceTree = "<group>";
		};
		16D98E261B8FDCB900EAD1DA /* SafariContentBlockingPerformance */ = {
			isa = PBXGroup;
			children = (
				16D98E271B8FDCB900EAD1DA /* AppDelegate.swift */,
				16D98E4D1B903FB700EAD1DA /* SiteList.swift */,
				16D98E291B8FDCB900EAD1DA /* MasterViewController.swift */,
				16D98E491B8FE24300EAD1DA /* SafariSpeedTestViewController.swift */,
				16D98E2D1B8FDCB900EAD1DA /* Main.storyboard */,
				16D98E301B8FDCB900EAD1DA /* Assets.xcassets */,
				16D98E321B8FDCB900EAD1DA /* LaunchScreen.storyboard */,
				16D98E351B8FDCB900EAD1DA /* Info.plist */,
			);
			path = SafariContentBlockingPerformance;
			sourceTree = "<group>";
		};
/* End PBXGroup section */

/* Begin PBXNativeTarget section */
		16D98E231B8FDCB900EAD1DA /* SafariContentBlockingPerformance */ = {
			isa = PBXNativeTarget;
			buildConfigurationList = 16D98E431B8FDCB900EAD1DA /* Build configuration list for PBXNativeTarget "SafariContentBlockingPerformance" */;
			buildPhases = (
				16D98E201B8FDCB900EAD1DA /* Sources */,
				16D98E211B8FDCB900EAD1DA /* Frameworks */,
				16D98E221B8FDCB900EAD1DA /* Resources */,
			);
			buildRules = (
			);
			dependencies = (
			);
			name = SafariContentBlockingPerformance;
			productName = SafariContentBlockingPerformance;
			productReference = 16D98E241B8FDCB900EAD1DA /* SafariContentBlockingPerformance.app */;
			productType = "com.apple.product-type.application";
		};
/* End PBXNativeTarget section */

/* Begin PBXProject section */
		16D98E1C1B8FDCB900EAD1DA /* Project object */ = {
			isa = PBXProject;
			attributes = {
				LastUpgradeCheck = 0700;
				ORGANIZATIONNAME = "Alaric Cole";
				TargetAttributes = {
					16D98E231B8FDCB900EAD1DA = {
						CreatedOnToolsVersion = 7.0;
					};
				};
			};
			buildConfigurationList = 16D98E1F1B8FDCB900EAD1DA /* Build configuration list for PBXProject "SafariContentBlockingPerformance" */;
			compatibilityVersion = "Xcode 3.2";
			developmentRegion = English;
			hasScannedForEncodings = 0;
			knownRegions = (
				en,
				Base,
			);
			mainGroup = 16D98E1B1B8FDCB900EAD1DA;
			productRefGroup = 16D98E251B8FDCB900EAD1DA /* Products */;
			projectDirPath = "";
			projectRoot = "";
			targets = (
				16D98E231B8FDCB900EAD1DA /* SafariContentBlockingPerformance */,
			);
		};
/* End PBXProject section */

/* Begin PBXResourcesBuildPhase section */
		16D98E221B8FDCB900EAD1DA /* Resources */ = {
			isa = PBXResourcesBuildPhase;
			buildActionMask = 2147483647;
			files = (
				16D98E341B8FDCB900EAD1DA /* LaunchScreen.storyboard in Resources */,
				16D98E311B8FDCB900EAD1DA /* Assets.xcassets in Resources */,
				16D98E2F1B8FDCB900EAD1DA /* Main.storyboard in Resources */,
			);
			runOnlyForDeploymentPostprocessing = 0;
		};
/* End PBXResourcesBuildPhase section */

/* Begin PBXSourcesBuildPhase section */
		16D98E201B8FDCB900EAD1DA /* Sources */ = {
			isa = PBXSourcesBuildPhase;
			buildActionMask = 2147483647;
			files = (
				16D98E4A1B8FE24300EAD1DA /* SafariSpeedTestViewController.swift in Sources */,
				16D98E4E1B903FB700EAD1DA /* SiteList.swift in Sources */,
				16D98E2A1B8FDCB900EAD1DA /* MasterViewController.swift in Sources */,
				16D98E281B8FDCB900EAD1DA /* AppDelegate.swift in Sources */,
			);
			runOnlyForDeploymentPostprocessing = 0;
		};
/* End PBXSourcesBuildPhase section */

/* Begin PBXVariantGroup section */
		16D98E2D1B8FDCB900EAD1DA /* Main.storyboard */ = {
			isa = PBXVariantGroup;
			children = (
				16D98E2E1B8FDCB900EAD1DA /* Base */,
			);
			name = Main.storyboard;
			sourceTree = "<group>";
		};
		16D98E321B8FDCB900EAD1DA /* LaunchScreen.storyboard */ = {
			isa = PBXVariantGroup;
			children = (
				16D98E331B8FDCB900EAD1DA /* Base */,
			);
			name = LaunchScreen.storyboard;
			sourceTree = "<group>";
		};
/* End PBXVariantGroup section */

/* Begin XCBuildConfiguration section */
		16D98E411B8FDCB900EAD1DA /* Debug */ = {
			isa = XCBuildConfiguration;
			buildSettings = {
				ALWAYS_SEARCH_USER_PATHS = NO;
				CLANG_CXX_LANGUAGE_STANDARD = "gnu++0x";
				CLANG_CXX_LIBRARY = "libc++";
				CLANG_ENABLE_MODULES = YES;
				CLANG_ENABLE_OBJC_ARC = YES;
				CLANG_WARN_BOOL_CONVERSION = YES;
				CLANG_WARN_CONSTANT_CONVERSION = YES;
				CLANG_WARN_DIRECT_OBJC_ISA_USAGE = YES_ERROR;
				CLANG_WARN_EMPTY_BODY = YES;
				CLANG_WARN_ENUM_CONVERSION = YES;
				CLANG_WARN_INT_CONVERSION = YES;
				CLANG_WARN_OBJC_ROOT_CLASS = YES_ERROR;
				CLANG_WARN_UNREACHABLE_CODE = YES;
				CLANG_WARN__DUPLICATE_METHOD_MATCH = YES;
				"CODE_SIGN_IDENTITY[sdk=iphoneos*]" = "iPhone Developer";
				COPY_PHASE_STRIP = NO;
				DEBUG_INFORMATION_FORMAT = dwarf;
				ENABLE_STRICT_OBJC_MSGSEND = YES;
				ENABLE_TESTABILITY = YES;
				GCC_C_LANGUAGE_STANDARD = gnu99;
				GCC_DYNAMIC_NO_PIC = NO;
				GCC_NO_COMMON_BLOCKS = YES;
				GCC_OPTIMIZATION_LEVEL = 0;
				GCC_PREPROCESSOR_DEFINITIONS = (
					"DEBUG=1",
					"$(inherited)",
				);
				GCC_WARN_64_TO_32_BIT_CONVERSION = YES;
				GCC_WARN_ABOUT_RETURN_TYPE = YES_ERROR;
				GCC_WARN_UNDECLARED_SELECTOR = YES;
				GCC_WARN_UNINITIALIZED_AUTOS = YES_AGGRESSIVE;
				GCC_WARN_UNUSED_FUNCTION = YES;
				GCC_WARN_UNUSED_VARIABLE = YES;
				IPHONEOS_DEPLOYMENT_TARGET = 9.0;
				MTL_ENABLE_DEBUG_INFO = YES;
				ONLY_ACTIVE_ARCH = YES;
				SDKROOT = iphoneos;
				SWIFT_OPTIMIZATION_LEVEL = "-Onone";
				TARGETED_DEVICE_FAMILY = "1,2";
			};
			name = Debug;
		};
		16D98E421B8FDCB900EAD1DA /* Release */ = {
			isa = XCBuildConfiguration;
			buildSettings = {
				ALWAYS_SEARCH_USER_PATHS = NO;
				CLANG_CXX_LANGUAGE_STANDARD = "gnu++0x";
				CLANG_CXX_LIBRARY = "libc++";
				CLANG_ENABLE_MODULES = YES;
				CLANG_ENABLE_OBJC_ARC = YES;
				CLANG_WARN_BOOL_CONVERSION = YES;
				CLANG_WARN_CONSTANT_CONVERSION = YES;
				CLANG_WARN_DIRECT_OBJC_ISA_USAGE = YES_ERROR;
				CLANG_WARN_EMPTY_BODY = YES;
				CLANG_WARN_ENUM_CONVERSION = YES;
				CLANG_WARN_INT_CONVERSION = YES;
				CLANG_WARN_OBJC_ROOT_CLASS = YES_ERROR;
				CLANG_WARN_UNREACHABLE_CODE = YES;
				CLANG_WARN__DUPLICATE_METHOD_MATCH = YES;
				"CODE_SIGN_IDENTITY[sdk=iphoneos*]" = "iPhone Developer";
				COPY_PHASE_STRIP = NO;
				DEBUG_INFORMATION_FORMAT = "dwarf-with-dsym";
				ENABLE_NS_ASSERTIONS = NO;
				ENABLE_STRICT_OBJC_MSGSEND = YES;
				GCC_C_LANGUAGE_STANDARD = gnu99;
				GCC_NO_COMMON_BLOCKS = YES;
				GCC_WARN_64_TO_32_BIT_CONVERSION = YES;
				GCC_WARN_ABOUT_RETURN_TYPE = YES_ERROR;
				GCC_WARN_UNDECLARED_SELECTOR = YES;
				GCC_WARN_UNINITIALIZED_AUTOS = YES_AGGRESSIVE;
				GCC_WARN_UNUSED_FUNCTION = YES;
				GCC_WARN_UNUSED_VARIABLE = YES;
				IPHONEOS_DEPLOYMENT_TARGET = 9.0;
				MTL_ENABLE_DEBUG_INFO = NO;
				SDKROOT = iphoneos;
				TARGETED_DEVICE_FAMILY = "1,2";
				VALIDATE_PRODUCT = YES;
			};
			name = Release;
		};
		16D98E441B8FDCB900EAD1DA /* Debug */ = {
			isa = XCBuildConfiguration;
			buildSettings = {
				ASSETCATALOG_COMPILER_APPICON_NAME = AppIcon;
				INFOPLIST_FILE = SafariContentBlockingPerformance/Info.plist;
				LD_RUNPATH_SEARCH_PATHS = "$(inherited) @executable_path/Frameworks";
				PRODUCT_BUNDLE_IDENTIFIER = com.getclearly.ClearlyTests.SafariContentBlockingPerformance;
				PRODUCT_NAME = "$(TARGET_NAME)";
			};
			name = Debug;
		};
		16D98E451B8FDCB900EAD1DA /* Release */ = {
			isa = XCBuildConfiguration;
			buildSettings = {
				ASSETCATALOG_COMPILER_APPICON_NAME = AppIcon;
				INFOPLIST_FILE = SafariContentBlockingPerformance/Info.plist;
				LD_RUNPATH_SEARCH_PATHS = "$(inherited) @executable_path/Frameworks";
				PRODUCT_BUNDLE_IDENTIFIER = com.getclearly.ClearlyTests.SafariContentBlockingPerformance;
				PRODUCT_NAME = "$(TARGET_NAME)";
			};
			name = Release;
		};
/* End XCBuildConfiguration section */

/* Begin XCConfigurationList section */
		16D98E1F1B8FDCB900EAD1DA /* Build configuration list for PBXProject "SafariContentBlockingPerformance" */ = {
			isa = XCConfigurationList;
			buildConfigurations = (
				16D98E411B8FDCB900EAD1DA /* Debug */,
				16D98E421B8FDCB900EAD1DA /* Release */,
			);
			defaultConfigurationIsVisible = 0;
			defaultConfigurationName = Release;
		};
		16D98E431B8FDCB900EAD1DA /* Build configuration list for PBXNativeTarget "SafariContentBlockingPerformance" */ = {
			isa = XCConfigurationList;
			buildConfigurations = (
				16D98E441B8FDCB900EAD1DA /* Debug */,
				16D98E451B8FDCB900EAD1DA /* Release */,
			);
			defaultConfigurationIsVisible = 0;
		};
/* End XCConfigurationList section */
	};
	rootObject = 16D98E1C1B8FDCB900EAD1DA /* Project object */;
}
